
Microsoft Visual Studio Solution File, Format Version 12.00
# Visual Studio Version 17
VisualStudioVersion = 17.1.32421.90
MinimumVisualStudioVersion = 10.0.40219.1
Project("{2150E333-8FDC-42A3-9474-1A3956D46DE8}") = "Services", "Services", "{99646D14-D181-45B5-9007-0DCE03274836}"
EndProject
Project("{2150E333-8FDC-42A3-9474-1A3956D46DE8}") = "Bag", "Bag", "{9589EFA0-7384-4D73-AFE2-4D69E772C0F6}"
EndProject
Project("{2150E333-8FDC-42A3-9474-1A3956D46DE8}") = "Catalog", "Catalog", "{270D2B10-954C-4A6F-AF1A-B7C9F6EC31C3}"
EndProject
Project("{2150E333-8FDC-42A3-9474-1A3956D46DE8}") = "Identity", "Identity", "{F5E98D77-2814-44E6-8EF9-C3D237AD5C53}"
EndProject
Project("{9A19103F-16F7-4668-BE54-9A1E7A4F7556}") = "Identity.Api", "Services\Identity\Identity.Api\Identity.Api.csproj", "{6306450C-D94E-4C54-AC3D-DE4B582E1289}"
EndProject
Project("{9A19103F-16F7-4668-BE54-9A1E7A4F7556}") = "Catalog.Api", "Services\Catalog\Catalog.Api\Catalog.Api.csproj", "{8DB90ADA-C121-45CB-877D-FE42CABE0D56}"
EndProject
Project("{9A19103F-16F7-4668-BE54-9A1E7A4F7556}") = "Bag.Api", "Services\Bag\Bag.Api\Bag.Api.csproj", "{64A538AE-F25F-4BA7-8B37-5B71B0E02736}"
EndProject
Project("{2150E333-8FDC-42A3-9474-1A3956D46DE8}") = "BuildingBlocks", "BuildingBlocks", "{00F8A880-03EA-4DB6-B584-B79B7A04E40D}"
EndProject
Project("{2150E333-8FDC-42A3-9474-1A3956D46DE8}") = "EventBus", "EventBus", "{903776B1-DD0E-425F-AC69-5248577218DE}"
EndProject
Project("{9A19103F-16F7-4668-BE54-9A1E7A4F7556}") = "EventBus", "BuildingBlocks\EventBus\EventBus\EventBus.csproj", "{A3682424-D6F2-4B4A-B080-D724DCA772A9}"
EndProject
Project("{9A19103F-16F7-4668-BE54-9A1E7A4F7556}") = "EventBus.RabbitMq", "BuildingBlocks\EventBus.RabbitMq\EventBus.RabbitMq.csproj", "{311C0C12-8A47-429F-A5C0-67E8CC74BFF7}"
EndProject
Project("{9A19103F-16F7-4668-BE54-9A1E7A4F7556}") = "EventBus.ServiceBus", "BuildingBlocks\EventBus.ServiceBus\EventBus.ServiceBus.csproj", "{66141D99-DC86-43BB-BCA8-ED5F3784BF68}"
EndProject
Project("{9A19103F-16F7-4668-BE54-9A1E7A4F7556}") = "Catalog.Domain", "Services\Catalog\Catalog.Domain\Catalog.Domain.csproj", "{2DD58F12-9E56-42DD-ACCB-4D81FBBDC8A2}"
EndProject
Project("{9A19103F-16F7-4668-BE54-9A1E7A4F7556}") = "Catalog.Application", "Services\Catalog\Catalog.Application\Catalog.Application.csproj", "{933C4753-F9B9-45A6-8D28-4CD7DCB1903F}"
EndProject
Project("{9A19103F-16F7-4668-BE54-9A1E7A4F7556}") = "Catalog.Persistence", "Services\Catalog\Catalog.Persistence\Catalog.Persistence.csproj", "{97F34784-72F3-420C-BFC2-68D15AB9E821}"
EndProject
Project("{E53339B2-1760-4266-BCC7-CA923CBCF16C}") = "docker-compose", "docker-compose.dcproj", "{6A538DE3-7E5E-44E2-83EC-2563E7768EA9}"
EndProject
Project("{9A19103F-16F7-4668-BE54-9A1E7A4F7556}") = "Bag.Application", "Services\Bag\Bag.Application\Bag.Application.csproj", "{20F2B9B5-CB1B-48AB-8671-B2F34B8C4D04}"
EndProject
Project("{9A19103F-16F7-4668-BE54-9A1E7A4F7556}") = "Bag.Domain", "Services\Bag\Bag.Domain\Bag.Domain.csproj", "{2CF6D233-959E-4701-9430-4DC10BE3C1E0}"
EndProject
Project("{9A19103F-16F7-4668-BE54-9A1E7A4F7556}") = "Bag.Persistence", "Services\Bag\Bag.Persistence\Bag.Persistence.csproj", "{4AF280C7-71A0-403D-82F2-8E229D66B963}"
EndProject
Project("{2150E333-8FDC-42A3-9474-1A3956D46DE8}") = "Solution Items", "Solution Items", "{0BD612B5-1EEA-4D46-90AF-1B9B5A333EFF}"
EndProject
Project("{9A19103F-16F7-4668-BE54-9A1E7A4F7556}") = "Client", "Client\Client.csproj", "{49408437-CD68-4943-A442-831D27F399EF}"
EndProject
Global
	GlobalSection(SolutionConfigurationPlatforms) = preSolution
		Debug|Any CPU = Debug|Any CPU
		Release|Any CPU = Release|Any CPU
	EndGlobalSection
	GlobalSection(ProjectConfigurationPlatforms) = postSolution
		{6306450C-D94E-4C54-AC3D-DE4B582E1289}.Debug|Any CPU.ActiveCfg = Debug|Any CPU
		{6306450C-D94E-4C54-AC3D-DE4B582E1289}.Debug|Any CPU.Build.0 = Debug|Any CPU
		{6306450C-D94E-4C54-AC3D-DE4B582E1289}.Release|Any CPU.ActiveCfg = Release|Any CPU
		{6306450C-D94E-4C54-AC3D-DE4B582E1289}.Release|Any CPU.Build.0 = Release|Any CPU
		{8DB90ADA-C121-45CB-877D-FE42CABE0D56}.Debug|Any CPU.ActiveCfg = Debug|Any CPU
		{8DB90ADA-C121-45CB-877D-FE42CABE0D56}.Debug|Any CPU.Build.0 = Debug|Any CPU
		{8DB90ADA-C121-45CB-877D-FE42CABE0D56}.Release|Any CPU.ActiveCfg = Release|Any CPU
		{8DB90ADA-C121-45CB-877D-FE42CABE0D56}.Release|Any CPU.Build.0 = Release|Any CPU
		{64A538AE-F25F-4BA7-8B37-5B71B0E02736}.Debug|Any CPU.ActiveCfg = Debug|Any CPU
		{64A538AE-F25F-4BA7-8B37-5B71B0E02736}.Debug|Any CPU.Build.0 = Debug|Any CPU
		{64A538AE-F25F-4BA7-8B37-5B71B0E02736}.Release|Any CPU.ActiveCfg = Release|Any CPU
		{64A538AE-F25F-4BA7-8B37-5B71B0E02736}.Release|Any CPU.Build.0 = Release|Any CPU
		{A3682424-D6F2-4B4A-B080-D724DCA772A9}.Debug|Any CPU.ActiveCfg = Debug|Any CPU
		{A3682424-D6F2-4B4A-B080-D724DCA772A9}.Debug|Any CPU.Build.0 = Debug|Any CPU
		{A3682424-D6F2-4B4A-B080-D724DCA772A9}.Release|Any CPU.ActiveCfg = Release|Any CPU
		{A3682424-D6F2-4B4A-B080-D724DCA772A9}.Release|Any CPU.Build.0 = Release|Any CPU
		{311C0C12-8A47-429F-A5C0-67E8CC74BFF7}.Debug|Any CPU.ActiveCfg = Debug|Any CPU
		{311C0C12-8A47-429F-A5C0-67E8CC74BFF7}.Debug|Any CPU.Build.0 = Debug|Any CPU
		{311C0C12-8A47-429F-A5C0-67E8CC74BFF7}.Release|Any CPU.ActiveCfg = Release|Any CPU
		{311C0C12-8A47-429F-A5C0-67E8CC74BFF7}.Release|Any CPU.Build.0 = Release|Any CPU
		{66141D99-DC86-43BB-BCA8-ED5F3784BF68}.Debug|Any CPU.ActiveCfg = Debug|Any CPU
		{66141D99-DC86-43BB-BCA8-ED5F3784BF68}.Debug|Any CPU.Build.0 = Debug|Any CPU
		{66141D99-DC86-43BB-BCA8-ED5F3784BF68}.Release|Any CPU.ActiveCfg = Release|Any CPU
		{66141D99-DC86-43BB-BCA8-ED5F3784BF68}.Release|Any CPU.Build.0 = Release|Any CPU
		{2DD58F12-9E56-42DD-ACCB-4D81FBBDC8A2}.Debug|Any CPU.ActiveCfg = Debug|Any CPU
		{2DD58F12-9E56-42DD-ACCB-4D81FBBDC8A2}.Debug|Any CPU.Build.0 = Debug|Any CPU
		{2DD58F12-9E56-42DD-ACCB-4D81FBBDC8A2}.Release|Any CPU.ActiveCfg = Release|Any CPU
		{2DD58F12-9E56-42DD-ACCB-4D81FBBDC8A2}.Release|Any CPU.Build.0 = Release|Any CPU
		{933C4753-F9B9-45A6-8D28-4CD7DCB1903F}.Debug|Any CPU.ActiveCfg = Debug|Any CPU
		{933C4753-F9B9-45A6-8D28-4CD7DCB1903F}.Debug|Any CPU.Build.0 = Debug|Any CPU
		{933C4753-F9B9-45A6-8D28-4CD7DCB1903F}.Release|Any CPU.ActiveCfg = Release|Any CPU
		{933C4753-F9B9-45A6-8D28-4CD7DCB1903F}.Release|Any CPU.Build.0 = Release|Any CPU
		{97F34784-72F3-420C-BFC2-68D15AB9E821}.Debug|Any CPU.ActiveCfg = Debug|Any CPU
		{97F34784-72F3-420C-BFC2-68D15AB9E821}.Debug|Any CPU.Build.0 = Debug|Any CPU
		{97F34784-72F3-420C-BFC2-68D15AB9E821}.Release|Any CPU.ActiveCfg = Release|Any CPU
		{97F34784-72F3-420C-BFC2-68D15AB9E821}.Release|Any CPU.Build.0 = Release|Any CPU
		{6A538DE3-7E5E-44E2-83EC-2563E7768EA9}.Debug|Any CPU.ActiveCfg = Debug|Any CPU
		{6A538DE3-7E5E-44E2-83EC-2563E7768EA9}.Debug|Any CPU.Build.0 = Debug|Any CPU
		{6A538DE3-7E5E-44E2-83EC-2563E7768EA9}.Release|Any CPU.ActiveCfg = Release|Any CPU
		{6A538DE3-7E5E-44E2-83EC-2563E7768EA9}.Release|Any CPU.Build.0 = Release|Any CPU
		{20F2B9B5-CB1B-48AB-8671-B2F34B8C4D04}.Debug|Any CPU.ActiveCfg = Debug|Any CPU
		{20F2B9B5-CB1B-48AB-8671-B2F34B8C4D04}.Debug|Any CPU.Build.0 = Debug|Any CPU
		{20F2B9B5-CB1B-48AB-8671-B2F34B8C4D04}.Release|Any CPU.ActiveCfg = Release|Any CPU
		{20F2B9B5-CB1B-48AB-8671-B2F34B8C4D04}.Release|Any CPU.Build.0 = Release|Any CPU
		{2CF6D233-959E-4701-9430-4DC10BE3C1E0}.Debug|Any CPU.ActiveCfg = Debug|Any CPU
		{2CF6D233-959E-4701-9430-4DC10BE3C1E0}.Debug|Any CPU.Build.0 = Debug|Any CPU
		{2CF6D233-959E-4701-9430-4DC10BE3C1E0}.Release|Any CPU.ActiveCfg = Release|Any CPU
		{2CF6D233-959E-4701-9430-4DC10BE3C1E0}.Release|Any CPU.Build.0 = Release|Any CPU
		{4AF280C7-71A0-403D-82F2-8E229D66B963}.Debug|Any CPU.ActiveCfg = Debug|Any CPU
		{4AF280C7-71A0-403D-82F2-8E229D66B963}.Debug|Any CPU.Build.0 = Debug|Any CPU
		{4AF280C7-71A0-403D-82F2-8E229D66B963}.Release|Any CPU.ActiveCfg = Release|Any CPU
		{4AF280C7-71A0-403D-82F2-8E229D66B963}.Release|Any CPU.Build.0 = Release|Any CPU
		{49408437-CD68-4943-A442-831D27F399EF}.Debug|Any CPU.ActiveCfg = Debug|Any CPU
		{49408437-CD68-4943-A442-831D27F399EF}.Debug|Any CPU.Build.0 = Debug|Any CPU
		{49408437-CD68-4943-A442-831D27F399EF}.Release|Any CPU.ActiveCfg = Release|Any CPU
		{49408437-CD68-4943-A442-831D27F399EF}.Release|Any CPU.Build.0 = Release|Any CPU
	EndGlobalSection
	GlobalSection(SolutionProperties) = preSolution
		HideSolutionNode = FALSE
	EndGlobalSection
	GlobalSection(NestedProjects) = preSolution
		{9589EFA0-7384-4D73-AFE2-4D69E772C0F6} = {99646D14-D181-45B5-9007-0DCE03274836}
		{270D2B10-954C-4A6F-AF1A-B7C9F6EC31C3} = {99646D14-D181-45B5-9007-0DCE03274836}
		{F5E98D77-2814-44E6-8EF9-C3D237AD5C53} = {99646D14-D181-45B5-9007-0DCE03274836}
		{6306450C-D94E-4C54-AC3D-DE4B582E1289} = {F5E98D77-2814-44E6-8EF9-C3D237AD5C53}
		{8DB90ADA-C121-45CB-877D-FE42CABE0D56} = {270D2B10-954C-4A6F-AF1A-B7C9F6EC31C3}
		{64A538AE-F25F-4BA7-8B37-5B71B0E02736} = {9589EFA0-7384-4D73-AFE2-4D69E772C0F6}
		{903776B1-DD0E-425F-AC69-5248577218DE} = {00F8A880-03EA-4DB6-B584-B79B7A04E40D}
		{A3682424-D6F2-4B4A-B080-D724DCA772A9} = {903776B1-DD0E-425F-AC69-5248577218DE}
		{311C0C12-8A47-429F-A5C0-67E8CC74BFF7} = {903776B1-DD0E-425F-AC69-5248577218DE}
		{66141D99-DC86-43BB-BCA8-ED5F3784BF68} = {903776B1-DD0E-425F-AC69-5248577218DE}
		{2DD58F12-9E56-42DD-ACCB-4D81FBBDC8A2} = {270D2B10-954C-4A6F-AF1A-B7C9F6EC31C3}
		{933C4753-F9B9-45A6-8D28-4CD7DCB1903F} = {270D2B10-954C-4A6F-AF1A-B7C9F6EC31C3}
		{97F34784-72F3-420C-BFC2-68D15AB9E821} = {270D2B10-954C-4A6F-AF1A-B7C9F6EC31C3}
		{20F2B9B5-CB1B-48AB-8671-B2F34B8C4D04} = {9589EFA0-7384-4D73-AFE2-4D69E772C0F6}
		{2CF6D233-959E-4701-9430-4DC10BE3C1E0} = {9589EFA0-7384-4D73-AFE2-4D69E772C0F6}
		{4AF280C7-71A0-403D-82F2-8E229D66B963} = {9589EFA0-7384-4D73-AFE2-4D69E772C0F6}
	EndGlobalSection
	GlobalSection(ExtensibilityGlobals) = postSolution
		SolutionGuid = {AE304C33-8452-4A69-912E-6741F86ACA7C}
	EndGlobalSection
EndGlobal
